// !$*UTF8*$!
{
	archiveVersion = 1;
	classes = {
	};
	objectVersion = 48;
	objects = {

/* Begin PBXBuildFile section */
		19C7385D169380546D989CEA /* Pods_ExcursionistUITests.framework in Frameworks */ = {isa = PBXBuildFile; fileRef = E96AC38B3259CD35C1020EA5 /* Pods_ExcursionistUITests.framework */; };
		24087A422104B00C00287179 /* bubbleViewController.swift in Sources */ = {isa = PBXBuildFile; fileRef = 24087A412104B00C00287179 /* bubbleViewController.swift */; };
		240D79582015C6C400345ADD /* words.json in Resources */ = {isa = PBXBuildFile; fileRef = 240D79572015C6C400345ADD /* words.json */; };
		24105F4920F307860069E4FE /* TextFieldEffects.framework in Frameworks */ = {isa = PBXBuildFile; fileRef = 24105F4820F307860069E4FE /* TextFieldEffects.framework */; };
		24147A1C20EDF5F70088D337 /* counteryAll.json in Resources */ = {isa = PBXBuildFile; fileRef = 24147A1B20EDF5F70088D337 /* counteryAll.json */; };
		2416EB422100CCB200CF1D7E /* recognizeViewController.swift in Sources */ = {isa = PBXBuildFile; fileRef = 2416EB412100CCB200CF1D7E /* recognizeViewController.swift */; };
		2416EB442100CF1200CF1D7E /* Hero.framework in Frameworks */ = {isa = PBXBuildFile; fileRef = 2416EB432100CF1200CF1D7E /* Hero.framework */; };
		2416EB462100CF5100CF1D7E /* CountryCell.swift in Sources */ = {isa = PBXBuildFile; fileRef = 2416EB452100CF5100CF1D7E /* CountryCell.swift */; };
		2416EB482100D0A200CF1D7E /* recognizeTwoViewController.swift in Sources */ = {isa = PBXBuildFile; fileRef = 2416EB472100D0A200CF1D7E /* recognizeTwoViewController.swift */; };
		2416EB4A2100D0E500CF1D7E /* City.swift in Sources */ = {isa = PBXBuildFile; fileRef = 2416EB492100D0E500CF1D7E /* City.swift */; };
		2416EB50210488F800CF1D7E /* Charts.framework in Frameworks */ = {isa = PBXBuildFile; fileRef = 2416EB4F210488F800CF1D7E /* Charts.framework */; };
		24223B592107277F0021FC39 /* Review.swift in Sources */ = {isa = PBXBuildFile; fileRef = 24223B582107277F0021FC39 /* Review.swift */; };
		2424B5E720FB9413008F0589 /* BubbleTransition.framework in Frameworks */ = {isa = PBXBuildFile; fileRef = 2424B5E620FB9413008F0589 /* BubbleTransition.framework */; };
		2424B5ED20FC4C0C008F0589 /* firstViewController.swift in Sources */ = {isa = PBXBuildFile; fileRef = 2424B5EC20FC4C0C008F0589 /* firstViewController.swift */; };
		2424B5EF20FC4C2C008F0589 /* StoryboardExample.swift in Sources */ = {isa = PBXBuildFile; fileRef = 2424B5EE20FC4C2C008F0589 /* StoryboardExample.swift */; };
		2424B5F420FC4DF0008F0589 /* CustomOverlay.xib in Resources */ = {isa = PBXBuildFile; fileRef = 2424B5F020FC4DEE008F0589 /* CustomOverlay.xib */; };
		2424B5F520FC4DF0008F0589 /* CustomOverlay.swift in Sources */ = {isa = PBXBuildFile; fileRef = 2424B5F120FC4DEF008F0589 /* CustomOverlay.swift */; };
		2424B5F620FC4DF0008F0589 /* CustomPage.xib in Resources */ = {isa = PBXBuildFile; fileRef = 2424B5F220FC4DEF008F0589 /* CustomPage.xib */; };
		2424B5F720FC4DF0008F0589 /* CustomPage.swift in Sources */ = {isa = PBXBuildFile; fileRef = 2424B5F320FC4DEF008F0589 /* CustomPage.swift */; };
		242AD5F02108572F007E7AC8 /* LocalAuthentication.framework in Frameworks */ = {isa = PBXBuildFile; fileRef = 242AD5EF2108572E007E7AC8 /* LocalAuthentication.framework */; };
		242AD5F22108602D007E7AC8 /* SwiftShareBubbles.framework in Frameworks */ = {isa = PBXBuildFile; fileRef = 242AD5F12108602D007E7AC8 /* SwiftShareBubbles.framework */; };
		2450BFC72108D1C800A583A1 /* FirebaseCore.framework in Frameworks */ = {isa = PBXBuildFile; fileRef = 2450BFC62108D1C800A583A1 /* FirebaseCore.framework */; };
		2450BFC92108D20700A583A1 /* GoogleService-Info.plist in Resources */ = {isa = PBXBuildFile; fileRef = 2450BFC82108D20700A583A1 /* GoogleService-Info.plist */; };
		2450BFCB21097CEE00A583A1 /* AdSupport.framework in Frameworks */ = {isa = PBXBuildFile; fileRef = 2450BFCA21097CEE00A583A1 /* AdSupport.framework */; };
		2450BFCD21097CFD00A583A1 /* AudioToolbox.framework in Frameworks */ = {isa = PBXBuildFile; fileRef = 2450BFCC21097CFD00A583A1 /* AudioToolbox.framework */; };
		2450BFCF21097D0700A583A1 /* AVFoundation.framework in Frameworks */ = {isa = PBXBuildFile; fileRef = 2450BFCE21097D0600A583A1 /* AVFoundation.framework */; };
		2450BFD121097D1200A583A1 /* CoreGraphics.framework in Frameworks */ = {isa = PBXBuildFile; fileRef = 2450BFD021097D1200A583A1 /* CoreGraphics.framework */; };
		2450BFD321097D1D00A583A1 /* CoreTelephony.framework in Frameworks */ = {isa = PBXBuildFile; fileRef = 2450BFD221097D1D00A583A1 /* CoreTelephony.framework */; };
		2450BFD521097D2900A583A1 /* EventKit.framework in Frameworks */ = {isa = PBXBuildFile; fileRef = 2450BFD421097D2900A583A1 /* EventKit.framework */; };
		2450BFD721097D2E00A583A1 /* EventKitUI.framework in Frameworks */ = {isa = PBXBuildFile; fileRef = 2450BFD621097D2E00A583A1 /* EventKitUI.framework */; };
		2450BFD921097D3800A583A1 /* MessageUI.framework in Frameworks */ = {isa = PBXBuildFile; fileRef = 2450BFD821097D3800A583A1 /* MessageUI.framework */; };
		2450BFDB21097D4000A583A1 /* StoreKit.framework in Frameworks */ = {isa = PBXBuildFile; fileRef = 2450BFDA21097D4000A583A1 /* StoreKit.framework */; };
		2450BFDD21097D4900A583A1 /* SystemConfiguration.framework in Frameworks */ = {isa = PBXBuildFile; fileRef = 2450BFDC21097D4900A583A1 /* SystemConfiguration.framework */; };
		2450BFDF2109808100A583A1 /* GoogleMobileAds.framework in Frameworks */ = {isa = PBXBuildFile; fileRef = 2450BFDE2109808000A583A1 /* GoogleMobileAds.framework */; };
		24556C2620EE6BEA0053CE6C /* INTULocationManager.framework in Frameworks */ = {isa = PBXBuildFile; fileRef = 24556C2520EE6BEA0053CE6C /* INTULocationManager.framework */; };
		248E790F20F85967002CC949 /* MapData.swift in Sources */ = {isa = PBXBuildFile; fileRef = 248E790E20F85967002CC949 /* MapData.swift */; };
		248E791120F85A98002CC949 /* Realm.framework in Frameworks */ = {isa = PBXBuildFile; fileRef = 248E791020F85A98002CC949 /* Realm.framework */; };
		248E791320F85A98002CC949 /* RealmSwift.framework in Frameworks */ = {isa = PBXBuildFile; fileRef = 248E791220F85A98002CC949 /* RealmSwift.framework */; };
		248E791520F89577002CC949 /* showViewController.swift in Sources */ = {isa = PBXBuildFile; fileRef = 248E791420F89577002CC949 /* showViewController.swift */; };
		248E791720F8997D002CC949 /* TitleTableViewCell.swift in Sources */ = {isa = PBXBuildFile; fileRef = 248E791620F8997D002CC949 /* TitleTableViewCell.swift */; };
		248E796520FB7E6E002CC949 /* LTMorphingLabel.framework in Frameworks */ = {isa = PBXBuildFile; fileRef = 248E796420FB7E6E002CC949 /* LTMorphingLabel.framework */; };
		24B0BB9020EF54A100459ACD /* selectViewController.swift in Sources */ = {isa = PBXBuildFile; fileRef = 24B0BB8F20EF54A100459ACD /* selectViewController.swift */; };
		24B0BB9220F0BD6000459ACD /* RootViewController.swift in Sources */ = {isa = PBXBuildFile; fileRef = 24B0BB9120F0BD6000459ACD /* RootViewController.swift */; };
		24B0BB9420F0BDCC00459ACD /* ModelController.swift in Sources */ = {isa = PBXBuildFile; fileRef = 24B0BB9320F0BDCC00459ACD /* ModelController.swift */; };
		24B3D2CB212B0B28000040BB /* SwiftReorder.framework in Frameworks */ = {isa = PBXBuildFile; fileRef = 24B3D2CA212B0B28000040BB /* SwiftReorder.framework */; };
		24CBE7DC1F7D3DC700A7C028 /* AppDelegate.swift in Sources */ = {isa = PBXBuildFile; fileRef = 24CBE7DB1F7D3DC700A7C028 /* AppDelegate.swift */; };
		24CBE7DE1F7D3DC700A7C028 /* ViewController.swift in Sources */ = {isa = PBXBuildFile; fileRef = 24CBE7DD1F7D3DC700A7C028 /* ViewController.swift */; };
		24CBE7E11F7D3DC700A7C028 /* Main.storyboard in Resources */ = {isa = PBXBuildFile; fileRef = 24CBE7DF1F7D3DC700A7C028 /* Main.storyboard */; };
		24CBE7E31F7D3DC700A7C028 /* Assets.xcassets in Resources */ = {isa = PBXBuildFile; fileRef = 24CBE7E21F7D3DC700A7C028 /* Assets.xcassets */; };
		24CBE7E61F7D3DC700A7C028 /* LaunchScreen.storyboard in Resources */ = {isa = PBXBuildFile; fileRef = 24CBE7E41F7D3DC700A7C028 /* LaunchScreen.storyboard */; };
		24CBE7F11F7D3DC800A7C028 /* budgetAppTests.swift in Sources */ = {isa = PBXBuildFile; fileRef = 24CBE7F01F7D3DC800A7C028 /* budgetAppTests.swift */; };
		24CBE7FC1F7D3DC800A7C028 /* budgetAppUITests.swift in Sources */ = {isa = PBXBuildFile; fileRef = 24CBE7FB1F7D3DC800A7C028 /* budgetAppUITests.swift */; };
		24CBE80A1F7D3EA800A7C028 /* MapViewController.swift in Sources */ = {isa = PBXBuildFile; fileRef = 24CBE8091F7D3EA800A7C028 /* MapViewController.swift */; };
		24CBE80E1F7D43DE00A7C028 /* list_country.json in Resources */ = {isa = PBXBuildFile; fileRef = 24CBE80D1F7D43DE00A7C028 /* list_country.json */; };
		24CBE8201F7D5A6F00A7C028 /* ToDoViewController.swift in Sources */ = {isa = PBXBuildFile; fileRef = 24CBE81F1F7D5A6F00A7C028 /* ToDoViewController.swift */; };
		24CEA43C20FDAD66006F3710 /* DZNEmptyDataSet.framework in Frameworks */ = {isa = PBXBuildFile; fileRef = 24CEA43B20FDAD66006F3710 /* DZNEmptyDataSet.framework */; };
		24DEFF862105BBAD00900724 /* daysViewController.swift in Sources */ = {isa = PBXBuildFile; fileRef = 24DEFF852105BBAD00900724 /* daysViewController.swift */; };
		24DEFF882106DE4100900724 /* reviewViewController.swift in Sources */ = {isa = PBXBuildFile; fileRef = 24DEFF872106DE4100900724 /* reviewViewController.swift */; };
		24FB0B0620FF33A100565FBE /* animationTableViewCell.swift in Sources */ = {isa = PBXBuildFile; fileRef = 24FB0B0520FF33A100565FBE /* animationTableViewCell.swift */; };
		24FB0B1120FF9A1A00565FBE /* Cosmos.framework in Frameworks */ = {isa = PBXBuildFile; fileRef = 24FB0B1020FF9A1A00565FBE /* Cosmos.framework */; };
		24FB0B1320FF9CB700565FBE /* rouletteViewController.swift in Sources */ = {isa = PBXBuildFile; fileRef = 24FB0B1220FF9CB700565FBE /* rouletteViewController.swift */; };
		24FB0B152100653200565FBE /* Lottie.framework in Frameworks */ = {isa = PBXBuildFile; fileRef = 24FB0B142100653200565FBE /* Lottie.framework */; };
		24FB0B172100653C00565FBE /* lottieViewController.swift in Sources */ = {isa = PBXBuildFile; fileRef = 24FB0B162100653C00565FBE /* lottieViewController.swift */; };
		24FB0B19210065D600565FBE /* animation.json in Resources */ = {isa = PBXBuildFile; fileRef = 24FB0B18210065D600565FBE /* animation.json */; };
		36C733F5B1341292601D1B76 /* Pods_mapAppUITests.framework in Frameworks */ = {isa = PBXBuildFile; fileRef = 4186FE42A726E412943C5725 /* Pods_mapAppUITests.framework */; };
		540543D3EDD1290197D662AA /* Pods_Excursionist.framework in Frameworks */ = {isa = PBXBuildFile; fileRef = 1A6440A299F71B5458DC9A29 /* Pods_Excursionist.framework */; };
		706E001C2D3DA9E2CEA13006 /* Pods_ExcursionistTests.framework in Frameworks */ = {isa = PBXBuildFile; fileRef = 7D59D819A7D25CE708A0A321 /* Pods_ExcursionistTests.framework */; };
		7B17F15B1D1804017D7670E0 /* Pods_mapAppTests.framework in Frameworks */ = {isa = PBXBuildFile; fileRef = 26EBE5B453CD76BF7ECAECFD /* Pods_mapAppTests.framework */; };
/* End PBXBuildFile section */

/* Begin PBXContainerItemProxy section */
		24CBE7ED1F7D3DC800A7C028 /* PBXContainerItemProxy */ = {
			isa = PBXContainerItemProxy;
			containerPortal = 24CBE7D01F7D3DC700A7C028 /* Project object */;
			proxyType = 1;
			remoteGlobalIDString = 24CBE7D71F7D3DC700A7C028;
			remoteInfo = budgetApp;
		};
		24CBE7F81F7D3DC800A7C028 /* PBXContainerItemProxy */ = {
			isa = PBXContainerItemProxy;
			containerPortal = 24CBE7D01F7D3DC700A7C028 /* Project object */;
			proxyType = 1;
			remoteGlobalIDString = 24CBE7D71F7D3DC700A7C028;
			remoteInfo = budgetApp;
		};
/* End PBXContainerItemProxy section */

/* Begin PBXFileReference section */
		039915A04B0BB9903D94D070 /* Pods-ExcursionistTests.debug.xcconfig */ = {isa = PBXFileReference; includeInIndex = 1; lastKnownFileType = text.xcconfig; name = "Pods-ExcursionistTests.debug.xcconfig"; path = "Pods/Target Support Files/Pods-ExcursionistTests/Pods-ExcursionistTests.debug.xcconfig"; sourceTree = "<group>"; };
		10F751B087D33784B99DEBCB /* Pods-mapAppUITests.debug.xcconfig */ = {isa = PBXFileReference; includeInIndex = 1; lastKnownFileType = text.xcconfig; name = "Pods-mapAppUITests.debug.xcconfig"; path = "Pods/Target Support Files/Pods-mapAppUITests/Pods-mapAppUITests.debug.xcconfig"; sourceTree = "<group>"; };
		13C1BFE0BB0BDEAD304FD5A9 /* Pods-mapApp.debug.xcconfig */ = {isa = PBXFileReference; includeInIndex = 1; lastKnownFileType = text.xcconfig; name = "Pods-mapApp.debug.xcconfig"; path = "Pods/Target Support Files/Pods-mapApp/Pods-mapApp.debug.xcconfig"; sourceTree = "<group>"; };
		1A6440A299F71B5458DC9A29 /* Pods_Excursionist.framework */ = {isa = PBXFileReference; explicitFileType = wrapper.framework; includeInIndex = 0; path = Pods_Excursionist.framework; sourceTree = BUILT_PRODUCTS_DIR; };
		24087A412104B00C00287179 /* bubbleViewController.swift */ = {isa = PBXFileReference; lastKnownFileType = sourcecode.swift; path = bubbleViewController.swift; sourceTree = "<group>"; };
		240D79572015C6C400345ADD /* words.json */ = {isa = PBXFileReference; lastKnownFileType = text.json; path = words.json; sourceTree = "<group>"; };
		24105F4820F307860069E4FE /* TextFieldEffects.framework */ = {isa = PBXFileReference; explicitFileType = wrapper.framework; path = TextFieldEffects.framework; sourceTree = BUILT_PRODUCTS_DIR; };
		24147A1B20EDF5F70088D337 /* counteryAll.json */ = {isa = PBXFileReference; lastKnownFileType = text.json; path = counteryAll.json; sourceTree = "<group>"; };
		2416EB412100CCB200CF1D7E /* recognizeViewController.swift */ = {isa = PBXFileReference; lastKnownFileType = sourcecode.swift; path = recognizeViewController.swift; sourceTree = "<group>"; };
		2416EB432100CF1200CF1D7E /* Hero.framework */ = {isa = PBXFileReference; explicitFileType = wrapper.framework; path = Hero.framework; sourceTree = BUILT_PRODUCTS_DIR; };
		2416EB452100CF5100CF1D7E /* CountryCell.swift */ = {isa = PBXFileReference; lastKnownFileType = sourcecode.swift; path = CountryCell.swift; sourceTree = "<group>"; };
		2416EB472100D0A200CF1D7E /* recognizeTwoViewController.swift */ = {isa = PBXFileReference; lastKnownFileType = sourcecode.swift; path = recognizeTwoViewController.swift; sourceTree = "<group>"; };
		2416EB492100D0E500CF1D7E /* City.swift */ = {isa = PBXFileReference; fileEncoding = 4; lastKnownFileType = sourcecode.swift; path = City.swift; sourceTree = "<group>"; };
		2416EB4F210488F800CF1D7E /* Charts.framework */ = {isa = PBXFileReference; explicitFileType = wrapper.framework; path = Charts.framework; sourceTree = BUILT_PRODUCTS_DIR; };
		24223B582107277F0021FC39 /* Review.swift */ = {isa = PBXFileReference; lastKnownFileType = sourcecode.swift; path = Review.swift; sourceTree = "<group>"; };
		2424B5E620FB9413008F0589 /* BubbleTransition.framework */ = {isa = PBXFileReference; explicitFileType = wrapper.framework; path = BubbleTransition.framework; sourceTree = BUILT_PRODUCTS_DIR; };
		2424B5EC20FC4C0C008F0589 /* firstViewController.swift */ = {isa = PBXFileReference; lastKnownFileType = sourcecode.swift; path = firstViewController.swift; sourceTree = "<group>"; };
		2424B5EE20FC4C2C008F0589 /* StoryboardExample.swift */ = {isa = PBXFileReference; lastKnownFileType = sourcecode.swift; path = StoryboardExample.swift; sourceTree = "<group>"; };
		2424B5F020FC4DEE008F0589 /* CustomOverlay.xib */ = {isa = PBXFileReference; fileEncoding = 4; lastKnownFileType = file.xib; path = CustomOverlay.xib; sourceTree = "<group>"; };
		2424B5F120FC4DEF008F0589 /* CustomOverlay.swift */ = {isa = PBXFileReference; fileEncoding = 4; lastKnownFileType = sourcecode.swift; path = CustomOverlay.swift; sourceTree = "<group>"; };
		2424B5F220FC4DEF008F0589 /* CustomPage.xib */ = {isa = PBXFileReference; fileEncoding = 4; lastKnownFileType = file.xib; path = CustomPage.xib; sourceTree = "<group>"; };
		2424B5F320FC4DEF008F0589 /* CustomPage.swift */ = {isa = PBXFileReference; fileEncoding = 4; lastKnownFileType = sourcecode.swift; path = CustomPage.swift; sourceTree = "<group>"; };
		2424B5FA20FC6A1E008F0589 /* SwiftyJSON.framework */ = {isa = PBXFileReference; explicitFileType = wrapper.framework; path = SwiftyJSON.framework; sourceTree = BUILT_PRODUCTS_DIR; };
		2424B5FC20FC6A1E008F0589 /* SwiftyJSONRealmObject.framework */ = {isa = PBXFileReference; explicitFileType = wrapper.framework; path = SwiftyJSONRealmObject.framework; sourceTree = BUILT_PRODUCTS_DIR; };
		242AD5E52107346D007E7AC8 /* CoreLocation.framework */ = {isa = PBXFileReference; lastKnownFileType = wrapper.framework; name = CoreLocation.framework; path = System/Library/Frameworks/CoreLocation.framework; sourceTree = SDKROOT; };
		242AD5E921082950007E7AC8 /* DynamicBlurView.framework */ = {isa = PBXFileReference; explicitFileType = wrapper.framework; path = DynamicBlurView.framework; sourceTree = BUILT_PRODUCTS_DIR; };
		242AD5EF2108572E007E7AC8 /* LocalAuthentication.framework */ = {isa = PBXFileReference; lastKnownFileType = wrapper.framework; name = LocalAuthentication.framework; path = System/Library/Frameworks/LocalAuthentication.framework; sourceTree = SDKROOT; };
		242AD5F12108602D007E7AC8 /* SwiftShareBubbles.framework */ = {isa = PBXFileReference; explicitFileType = wrapper.framework; path = SwiftShareBubbles.framework; sourceTree = BUILT_PRODUCTS_DIR; };
		242AD5F32108613E007E7AC8 /* Social.framework */ = {isa = PBXFileReference; lastKnownFileType = wrapper.framework; name = Social.framework; path = System/Library/Frameworks/Social.framework; sourceTree = SDKROOT; };
		2450BFC42108CF7300A583A1 /* GoogleToolboxForMac.framework */ = {isa = PBXFileReference; explicitFileType = wrapper.framework; path = GoogleToolboxForMac.framework; sourceTree = BUILT_PRODUCTS_DIR; };
		2450BFC62108D1C800A583A1 /* FirebaseCore.framework */ = {isa = PBXFileReference; explicitFileType = wrapper.framework; path = FirebaseCore.framework; sourceTree = BUILT_PRODUCTS_DIR; };
		2450BFC82108D20700A583A1 /* GoogleService-Info.plist */ = {isa = PBXFileReference; fileEncoding = 4; lastKnownFileType = text.plist.xml; path = "GoogleService-Info.plist"; sourceTree = "<group>"; };
		2450BFCA21097CEE00A583A1 /* AdSupport.framework */ = {isa = PBXFileReference; lastKnownFileType = wrapper.framework; name = AdSupport.framework; path = System/Library/Frameworks/AdSupport.framework; sourceTree = SDKROOT; };
		2450BFCC21097CFD00A583A1 /* AudioToolbox.framework */ = {isa = PBXFileReference; lastKnownFileType = wrapper.framework; name = AudioToolbox.framework; path = System/Library/Frameworks/AudioToolbox.framework; sourceTree = SDKROOT; };
		2450BFCE21097D0600A583A1 /* AVFoundation.framework */ = {isa = PBXFileReference; lastKnownFileType = wrapper.framework; name = AVFoundation.framework; path = System/Library/Frameworks/AVFoundation.framework; sourceTree = SDKROOT; };
		2450BFD021097D1200A583A1 /* CoreGraphics.framework */ = {isa = PBXFileReference; lastKnownFileType = wrapper.framework; name = CoreGraphics.framework; path = System/Library/Frameworks/CoreGraphics.framework; sourceTree = SDKROOT; };
		2450BFD221097D1D00A583A1 /* CoreTelephony.framework */ = {isa = PBXFileReference; lastKnownFileType = wrapper.framework; name = CoreTelephony.framework; path = System/Library/Frameworks/CoreTelephony.framework; sourceTree = SDKROOT; };
		2450BFD421097D2900A583A1 /* EventKit.framework */ = {isa = PBXFileReference; lastKnownFileType = wrapper.framework; name = EventKit.framework; path = System/Library/Frameworks/EventKit.framework; sourceTree = SDKROOT; };
		2450BFD621097D2E00A583A1 /* EventKitUI.framework */ = {isa = PBXFileReference; lastKnownFileType = wrapper.framework; name = EventKitUI.framework; path = System/Library/Frameworks/EventKitUI.framework; sourceTree = SDKROOT; };
		2450BFD821097D3800A583A1 /* MessageUI.framework */ = {isa = PBXFileReference; lastKnownFileType = wrapper.framework; name = MessageUI.framework; path = System/Library/Frameworks/MessageUI.framework; sourceTree = SDKROOT; };
		2450BFDA21097D4000A583A1 /* StoreKit.framework */ = {isa = PBXFileReference; lastKnownFileType = wrapper.framework; name = StoreKit.framework; path = System/Library/Frameworks/StoreKit.framework; sourceTree = SDKROOT; };
		2450BFDC21097D4900A583A1 /* SystemConfiguration.framework */ = {isa = PBXFileReference; lastKnownFileType = wrapper.framework; name = SystemConfiguration.framework; path = System/Library/Frameworks/SystemConfiguration.framework; sourceTree = SDKROOT; };
		2450BFDE2109808000A583A1 /* GoogleMobileAds.framework */ = {isa = PBXFileReference; lastKnownFileType = wrapper.framework; path = GoogleMobileAds.framework; sourceTree = "<group>"; };
		24556C2520EE6BEA0053CE6C /* INTULocationManager.framework */ = {isa = PBXFileReference; explicitFileType = wrapper.framework; path = INTULocationManager.framework; sourceTree = BUILT_PRODUCTS_DIR; };
		248E790E20F85967002CC949 /* MapData.swift */ = {isa = PBXFileReference; lastKnownFileType = sourcecode.swift; path = MapData.swift; sourceTree = "<group>"; };
		248E791020F85A98002CC949 /* Realm.framework */ = {isa = PBXFileReference; explicitFileType = wrapper.framework; path = Realm.framework; sourceTree = BUILT_PRODUCTS_DIR; };
		248E791220F85A98002CC949 /* RealmSwift.framework */ = {isa = PBXFileReference; explicitFileType = wrapper.framework; path = RealmSwift.framework; sourceTree = BUILT_PRODUCTS_DIR; };
		248E791420F89577002CC949 /* showViewController.swift */ = {isa = PBXFileReference; lastKnownFileType = sourcecode.swift; path = showViewController.swift; sourceTree = "<group>"; };
		248E791620F8997D002CC949 /* TitleTableViewCell.swift */ = {isa = PBXFileReference; lastKnownFileType = sourcecode.swift; path = TitleTableViewCell.swift; sourceTree = "<group>"; };
		248E791820F9FC24002CC949 /* JSONCodable.framework */ = {isa = PBXFileReference; explicitFileType = wrapper.framework; path = JSONCodable.framework; sourceTree = BUILT_PRODUCTS_DIR; };
		248E796420FB7E6E002CC949 /* LTMorphingLabel.framework */ = {isa = PBXFileReference; explicitFileType = wrapper.framework; path = LTMorphingLabel.framework; sourceTree = BUILT_PRODUCTS_DIR; };
		24B0BB8F20EF54A100459ACD /* selectViewController.swift */ = {isa = PBXFileReference; lastKnownFileType = sourcecode.swift; path = selectViewController.swift; sourceTree = "<group>"; };
		24B0BB9120F0BD6000459ACD /* RootViewController.swift */ = {isa = PBXFileReference; lastKnownFileType = sourcecode.swift; path = RootViewController.swift; sourceTree = "<group>"; };
		24B0BB9320F0BDCC00459ACD /* ModelController.swift */ = {isa = PBXFileReference; lastKnownFileType = sourcecode.swift; path = ModelController.swift; sourceTree = "<group>"; };
		24B3D2CA212B0B28000040BB /* SwiftReorder.framework */ = {isa = PBXFileReference; explicitFileType = wrapper.framework; path = SwiftReorder.framework; sourceTree = BUILT_PRODUCTS_DIR; };
		24CBE7D81F7D3DC700A7C028 /* Excursionist.app */ = {isa = PBXFileReference; explicitFileType = wrapper.application; includeInIndex = 0; path = Excursionist.app; sourceTree = BUILT_PRODUCTS_DIR; };
		24CBE7DB1F7D3DC700A7C028 /* AppDelegate.swift */ = {isa = PBXFileReference; lastKnownFileType = sourcecode.swift; path = AppDelegate.swift; sourceTree = "<group>"; };
		24CBE7DD1F7D3DC700A7C028 /* ViewController.swift */ = {isa = PBXFileReference; lastKnownFileType = sourcecode.swift; path = ViewController.swift; sourceTree = "<group>"; };
		24CBE7E01F7D3DC700A7C028 /* Base */ = {isa = PBXFileReference; lastKnownFileType = file.storyboard; name = Base; path = Base.lproj/Main.storyboard; sourceTree = "<group>"; };
		24CBE7E21F7D3DC700A7C028 /* Assets.xcassets */ = {isa = PBXFileReference; lastKnownFileType = folder.assetcatalog; path = Assets.xcassets; sourceTree = "<group>"; };
		24CBE7E51F7D3DC700A7C028 /* Base */ = {isa = PBXFileReference; lastKnownFileType = file.storyboard; name = Base; path = Base.lproj/LaunchScreen.storyboard; sourceTree = "<group>"; };
		24CBE7E71F7D3DC700A7C028 /* Info.plist */ = {isa = PBXFileReference; lastKnownFileType = text.plist.xml; path = Info.plist; sourceTree = "<group>"; };
		24CBE7EC1F7D3DC800A7C028 /* ExcursionistTests.xctest */ = {isa = PBXFileReference; explicitFileType = wrapper.cfbundle; includeInIndex = 0; path = ExcursionistTests.xctest; sourceTree = BUILT_PRODUCTS_DIR; };
		24CBE7F01F7D3DC800A7C028 /* budgetAppTests.swift */ = {isa = PBXFileReference; lastKnownFileType = sourcecode.swift; path = budgetAppTests.swift; sourceTree = "<group>"; };
		24CBE7F21F7D3DC800A7C028 /* Info.plist */ = {isa = PBXFileReference; lastKnownFileType = text.plist.xml; path = Info.plist; sourceTree = "<group>"; };
		24CBE7F71F7D3DC800A7C028 /* ExcursionistUITests.xctest */ = {isa = PBXFileReference; explicitFileType = wrapper.cfbundle; includeInIndex = 0; path = ExcursionistUITests.xctest; sourceTree = BUILT_PRODUCTS_DIR; };
		24CBE7FB1F7D3DC800A7C028 /* budgetAppUITests.swift */ = {isa = PBXFileReference; lastKnownFileType = sourcecode.swift; path = budgetAppUITests.swift; sourceTree = "<group>"; };
		24CBE7FD1F7D3DC800A7C028 /* Info.plist */ = {isa = PBXFileReference; lastKnownFileType = text.plist.xml; path = Info.plist; sourceTree = "<group>"; };
		24CBE8091F7D3EA800A7C028 /* MapViewController.swift */ = {isa = PBXFileReference; lastKnownFileType = sourcecode.swift; path = MapViewController.swift; sourceTree = "<group>"; };
		24CBE80D1F7D43DE00A7C028 /* list_country.json */ = {isa = PBXFileReference; lastKnownFileType = text.json; path = list_country.json; sourceTree = "<group>"; };
		24CBE81F1F7D5A6F00A7C028 /* ToDoViewController.swift */ = {isa = PBXFileReference; lastKnownFileType = sourcecode.swift; path = ToDoViewController.swift; sourceTree = "<group>"; };
		24CEA43B20FDAD66006F3710 /* DZNEmptyDataSet.framework */ = {isa = PBXFileReference; explicitFileType = wrapper.framework; path = DZNEmptyDataSet.framework; sourceTree = BUILT_PRODUCTS_DIR; };
		24DEFF852105BBAD00900724 /* daysViewController.swift */ = {isa = PBXFileReference; lastKnownFileType = sourcecode.swift; path = daysViewController.swift; sourceTree = "<group>"; };
		24DEFF872106DE4100900724 /* reviewViewController.swift */ = {isa = PBXFileReference; lastKnownFileType = sourcecode.swift; path = reviewViewController.swift; sourceTree = "<group>"; };
		24FB0B0520FF33A100565FBE /* animationTableViewCell.swift */ = {isa = PBXFileReference; lastKnownFileType = sourcecode.swift; path = animationTableViewCell.swift; sourceTree = "<group>"; };
		24FB0B1020FF9A1A00565FBE /* Cosmos.framework */ = {isa = PBXFileReference; explicitFileType = wrapper.framework; path = Cosmos.framework; sourceTree = BUILT_PRODUCTS_DIR; };
		24FB0B1220FF9CB700565FBE /* rouletteViewController.swift */ = {isa = PBXFileReference; lastKnownFileType = sourcecode.swift; path = rouletteViewController.swift; sourceTree = "<group>"; };
		24FB0B142100653200565FBE /* Lottie.framework */ = {isa = PBXFileReference; explicitFileType = wrapper.framework; path = Lottie.framework; sourceTree = BUILT_PRODUCTS_DIR; };
		24FB0B162100653C00565FBE /* lottieViewController.swift */ = {isa = PBXFileReference; lastKnownFileType = sourcecode.swift; path = lottieViewController.swift; sourceTree = "<group>"; };
		24FB0B18210065D600565FBE /* animation.json */ = {isa = PBXFileReference; fileEncoding = 4; lastKnownFileType = text.json; path = animation.json; sourceTree = "<group>"; };
		26EBE5B453CD76BF7ECAECFD /* Pods_mapAppTests.framework */ = {isa = PBXFileReference; explicitFileType = wrapper.framework; includeInIndex = 0; path = Pods_mapAppTests.framework; sourceTree = BUILT_PRODUCTS_DIR; };
		277910484C1DAED225F87D11 /* Pods-mapAppUITests.release.xcconfig */ = {isa = PBXFileReference; includeInIndex = 1; lastKnownFileType = text.xcconfig; name = "Pods-mapAppUITests.release.xcconfig"; path = "Pods/Target Support Files/Pods-mapAppUITests/Pods-mapAppUITests.release.xcconfig"; sourceTree = "<group>"; };
		415DFD11E9B4C7130589058A /* Pods-mapAppTests.release.xcconfig */ = {isa = PBXFileReference; includeInIndex = 1; lastKnownFileType = text.xcconfig; name = "Pods-mapAppTests.release.xcconfig"; path = "Pods/Target Support Files/Pods-mapAppTests/Pods-mapAppTests.release.xcconfig"; sourceTree = "<group>"; };
		4186FE42A726E412943C5725 /* Pods_mapAppUITests.framework */ = {isa = PBXFileReference; explicitFileType = wrapper.framework; includeInIndex = 0; path = Pods_mapAppUITests.framework; sourceTree = BUILT_PRODUCTS_DIR; };
		4A1A2863FFA9884F8E2D8321 /* Pods-Excursionist.release.xcconfig */ = {isa = PBXFileReference; includeInIndex = 1; lastKnownFileType = text.xcconfig; name = "Pods-Excursionist.release.xcconfig"; path = "Pods/Target Support Files/Pods-Excursionist/Pods-Excursionist.release.xcconfig"; sourceTree = "<group>"; };
		7D59D819A7D25CE708A0A321 /* Pods_ExcursionistTests.framework */ = {isa = PBXFileReference; explicitFileType = wrapper.framework; includeInIndex = 0; path = Pods_ExcursionistTests.framework; sourceTree = BUILT_PRODUCTS_DIR; };
		918411BA228D9E3E0FF4E628 /* Pods-mapAppTests.debug.xcconfig */ = {isa = PBXFileReference; includeInIndex = 1; lastKnownFileType = text.xcconfig; name = "Pods-mapAppTests.debug.xcconfig"; path = "Pods/Target Support Files/Pods-mapAppTests/Pods-mapAppTests.debug.xcconfig"; sourceTree = "<group>"; };
		A32480CCA2BC95F6E80A35DD /* Pods_mapApp.framework */ = {isa = PBXFileReference; explicitFileType = wrapper.framework; includeInIndex = 0; path = Pods_mapApp.framework; sourceTree = BUILT_PRODUCTS_DIR; };
		A79D65D8CF8E67595FD4C37F /* Pods-ExcursionistTests.release.xcconfig */ = {isa = PBXFileReference; includeInIndex = 1; lastKnownFileType = text.xcconfig; name = "Pods-ExcursionistTests.release.xcconfig"; path = "Pods/Target Support Files/Pods-ExcursionistTests/Pods-ExcursionistTests.release.xcconfig"; sourceTree = "<group>"; };
		BBAAD59D663D9853088FD0FD /* Pods-mapApp.release.xcconfig */ = {isa = PBXFileReference; includeInIndex = 1; lastKnownFileType = text.xcconfig; name = "Pods-mapApp.release.xcconfig"; path = "Pods/Target Support Files/Pods-mapApp/Pods-mapApp.release.xcconfig"; sourceTree = "<group>"; };
		D859C1E40AA603024B1ED0B9 /* Pods-ExcursionistUITests.release.xcconfig */ = {isa = PBXFileReference; includeInIndex = 1; lastKnownFileType = text.xcconfig; name = "Pods-ExcursionistUITests.release.xcconfig"; path = "Pods/Target Support Files/Pods-ExcursionistUITests/Pods-ExcursionistUITests.release.xcconfig"; sourceTree = "<group>"; };
		DAB9D7CB40BF04B7374BB25B /* Pods-Excursionist.debug.xcconfig */ = {isa = PBXFileReference; includeInIndex = 1; lastKnownFileType = text.xcconfig; name = "Pods-Excursionist.debug.xcconfig"; path = "Pods/Target Support Files/Pods-Excursionist/Pods-Excursionist.debug.xcconfig"; sourceTree = "<group>"; };
		E96AC38B3259CD35C1020EA5 /* Pods_ExcursionistUITests.framework */ = {isa = PBXFileReference; explicitFileType = wrapper.framework; includeInIndex = 0; path = Pods_ExcursionistUITests.framework; sourceTree = BUILT_PRODUCTS_DIR; };
		F768443286AE0C5A69462552 /* Pods-ExcursionistUITests.debug.xcconfig */ = {isa = PBXFileReference; includeInIndex = 1; lastKnownFileType = text.xcconfig; name = "Pods-ExcursionistUITests.debug.xcconfig"; path = "Pods/Target Support Files/Pods-ExcursionistUITests/Pods-ExcursionistUITests.debug.xcconfig"; sourceTree = "<group>"; };
/* End PBXFileReference section */

/* Begin PBXFrameworksBuildPhase section */
		24CBE7D51F7D3DC700A7C028 /* Frameworks */ = {
			isa = PBXFrameworksBuildPhase;
			buildActionMask = 2147483647;
			files = (
				24B3D2CB212B0B28000040BB /* SwiftReorder.framework in Frameworks */,
				2450BFDF2109808100A583A1 /* GoogleMobileAds.framework in Frameworks */,
				2450BFDD21097D4900A583A1 /* SystemConfiguration.framework in Frameworks */,
				2450BFDB21097D4000A583A1 /* StoreKit.framework in Frameworks */,
				2450BFD921097D3800A583A1 /* MessageUI.framework in Frameworks */,
				2450BFD721097D2E00A583A1 /* EventKitUI.framework in Frameworks */,
				2450BFD521097D2900A583A1 /* EventKit.framework in Frameworks */,
				2450BFD321097D1D00A583A1 /* CoreTelephony.framework in Frameworks */,
				2450BFD121097D1200A583A1 /* CoreGraphics.framework in Frameworks */,
				2450BFCF21097D0700A583A1 /* AVFoundation.framework in Frameworks */,
				2450BFCD21097CFD00A583A1 /* AudioToolbox.framework in Frameworks */,
				2450BFCB21097CEE00A583A1 /* AdSupport.framework in Frameworks */,
				2450BFC72108D1C800A583A1 /* FirebaseCore.framework in Frameworks */,
				242AD5F22108602D007E7AC8 /* SwiftShareBubbles.framework in Frameworks */,
				242AD5F02108572F007E7AC8 /* LocalAuthentication.framework in Frameworks */,
				2416EB50210488F800CF1D7E /* Charts.framework in Frameworks */,
				2416EB442100CF1200CF1D7E /* Hero.framework in Frameworks */,
				24FB0B152100653200565FBE /* Lottie.framework in Frameworks */,
				24FB0B1120FF9A1A00565FBE /* Cosmos.framework in Frameworks */,
				24CEA43C20FDAD66006F3710 /* DZNEmptyDataSet.framework in Frameworks */,
				2424B5E720FB9413008F0589 /* BubbleTransition.framework in Frameworks */,
				248E796520FB7E6E002CC949 /* LTMorphingLabel.framework in Frameworks */,
				248E791120F85A98002CC949 /* Realm.framework in Frameworks */,
				248E791320F85A98002CC949 /* RealmSwift.framework in Frameworks */,
				24105F4920F307860069E4FE /* TextFieldEffects.framework in Frameworks */,
				24556C2620EE6BEA0053CE6C /* INTULocationManager.framework in Frameworks */,
				540543D3EDD1290197D662AA /* Pods_Excursionist.framework in Frameworks */,
			);
			runOnlyForDeploymentPostprocessing = 0;
		};
		24CBE7E91F7D3DC800A7C028 /* Frameworks */ = {
			isa = PBXFrameworksBuildPhase;
			buildActionMask = 2147483647;
			files = (
				7B17F15B1D1804017D7670E0 /* Pods_mapAppTests.framework in Frameworks */,
				706E001C2D3DA9E2CEA13006 /* Pods_ExcursionistTests.framework in Frameworks */,
			);
			runOnlyForDeploymentPostprocessing = 0;
		};
		24CBE7F41F7D3DC800A7C028 /* Frameworks */ = {
			isa = PBXFrameworksBuildPhase;
			buildActionMask = 2147483647;
			files = (
				36C733F5B1341292601D1B76 /* Pods_mapAppUITests.framework in Frameworks */,
				19C7385D169380546D989CEA /* Pods_ExcursionistUITests.framework in Frameworks */,
			);
			runOnlyForDeploymentPostprocessing = 0;
		};
/* End PBXFrameworksBuildPhase section */

/* Begin PBXGroup section */
		24CBE7CF1F7D3DC700A7C028 = {
			isa = PBXGroup;
			children = (
				24CBE7DA1F7D3DC700A7C028 /* budgetApp */,
				24CBE7EF1F7D3DC800A7C028 /* budgetAppTests */,
				24CBE7FA1F7D3DC800A7C028 /* budgetAppUITests */,
				24CBE7D91F7D3DC700A7C028 /* Products */,
				45440D6529B22C15CB526076 /* Pods */,
				89B2A7357AF76BA433C6DA29 /* Frameworks */,
			);
			sourceTree = "<group>";
		};
		24CBE7D91F7D3DC700A7C028 /* Products */ = {
			isa = PBXGroup;
			children = (
				24CBE7D81F7D3DC700A7C028 /* Excursionist.app */,
				24CBE7EC1F7D3DC800A7C028 /* ExcursionistTests.xctest */,
				24CBE7F71F7D3DC800A7C028 /* ExcursionistUITests.xctest */,
			);
			name = Products;
			sourceTree = "<group>";
		};
		24CBE7DA1F7D3DC700A7C028 /* budgetApp */ = {
			isa = PBXGroup;
			children = (
				2450BFDE2109808000A583A1 /* GoogleMobileAds.framework */,
				24CBE7DB1F7D3DC700A7C028 /* AppDelegate.swift */,
				24FB0B162100653C00565FBE /* lottieViewController.swift */,
				24CBE7DD1F7D3DC700A7C028 /* ViewController.swift */,
				24CBE8091F7D3EA800A7C028 /* MapViewController.swift */,
				24087A412104B00C00287179 /* bubbleViewController.swift */,
				24DEFF852105BBAD00900724 /* daysViewController.swift */,
				24CBE81F1F7D5A6F00A7C028 /* ToDoViewController.swift */,
				248E791420F89577002CC949 /* showViewController.swift */,
				24DEFF872106DE4100900724 /* reviewViewController.swift */,
				248E791620F8997D002CC949 /* TitleTableViewCell.swift */,
				24FB0B0520FF33A100565FBE /* animationTableViewCell.swift */,
				24FB0B1220FF9CB700565FBE /* rouletteViewController.swift */,
				24CBE7DF1F7D3DC700A7C028 /* Main.storyboard */,
				24CBE7E21F7D3DC700A7C028 /* Assets.xcassets */,
				24CBE7E41F7D3DC700A7C028 /* LaunchScreen.storyboard */,
				24CBE7E71F7D3DC700A7C028 /* Info.plist */,
				2450BFC82108D20700A583A1 /* GoogleService-Info.plist */,
				248E790E20F85967002CC949 /* MapData.swift */,
				24223B582107277F0021FC39 /* Review.swift */,
				24147A1B20EDF5F70088D337 /* counteryAll.json */,
				24CBE80D1F7D43DE00A7C028 /* list_country.json */,
				240D79572015C6C400345ADD /* words.json */,
				24FB0B18210065D600565FBE /* animation.json */,
				24B0BB8F20EF54A100459ACD /* selectViewController.swift */,
				24B0BB9120F0BD6000459ACD /* RootViewController.swift */,
				24B0BB9320F0BDCC00459ACD /* ModelController.swift */,
				2424B5EC20FC4C0C008F0589 /* firstViewController.swift */,
				2424B5EE20FC4C2C008F0589 /* StoryboardExample.swift */,
				2424B5F120FC4DEF008F0589 /* CustomOverlay.swift */,
				2424B5F020FC4DEE008F0589 /* CustomOverlay.xib */,
				2424B5F320FC4DEF008F0589 /* CustomPage.swift */,
				2424B5F220FC4DEF008F0589 /* CustomPage.xib */,
				2416EB412100CCB200CF1D7E /* recognizeViewController.swift */,
				2416EB472100D0A200CF1D7E /* recognizeTwoViewController.swift */,
				2416EB452100CF5100CF1D7E /* CountryCell.swift */,
				2416EB492100D0E500CF1D7E /* City.swift */,
			);
			path = budgetApp;
			sourceTree = "<group>";
		};
		24CBE7EF1F7D3DC800A7C028 /* budgetAppTests */ = {
			isa = PBXGroup;
			children = (
				24CBE7F01F7D3DC800A7C028 /* budgetAppTests.swift */,
				24CBE7F21F7D3DC800A7C028 /* Info.plist */,
			);
			path = budgetAppTests;
			sourceTree = "<group>";
		};
		24CBE7FA1F7D3DC800A7C028 /* budgetAppUITests */ = {
			isa = PBXGroup;
			children = (
				24CBE7FB1F7D3DC800A7C028 /* budgetAppUITests.swift */,
				24CBE7FD1F7D3DC800A7C028 /* Info.plist */,
			);
			path = budgetAppUITests;
			sourceTree = "<group>";
		};
		45440D6529B22C15CB526076 /* Pods */ = {
			isa = PBXGroup;
			children = (
				13C1BFE0BB0BDEAD304FD5A9 /* Pods-mapApp.debug.xcconfig */,
				BBAAD59D663D9853088FD0FD /* Pods-mapApp.release.xcconfig */,
				918411BA228D9E3E0FF4E628 /* Pods-mapAppTests.debug.xcconfig */,
				415DFD11E9B4C7130589058A /* Pods-mapAppTests.release.xcconfig */,
				10F751B087D33784B99DEBCB /* Pods-mapAppUITests.debug.xcconfig */,
				277910484C1DAED225F87D11 /* Pods-mapAppUITests.release.xcconfig */,
				DAB9D7CB40BF04B7374BB25B /* Pods-Excursionist.debug.xcconfig */,
				4A1A2863FFA9884F8E2D8321 /* Pods-Excursionist.release.xcconfig */,
				039915A04B0BB9903D94D070 /* Pods-ExcursionistTests.debug.xcconfig */,
				A79D65D8CF8E67595FD4C37F /* Pods-ExcursionistTests.release.xcconfig */,
				F768443286AE0C5A69462552 /* Pods-ExcursionistUITests.debug.xcconfig */,
				D859C1E40AA603024B1ED0B9 /* Pods-ExcursionistUITests.release.xcconfig */,
			);
			name = Pods;
			sourceTree = "<group>";
		};
		89B2A7357AF76BA433C6DA29 /* Frameworks */ = {
			isa = PBXGroup;
			children = (
				24B3D2CA212B0B28000040BB /* SwiftReorder.framework */,
				2450BFDC21097D4900A583A1 /* SystemConfiguration.framework */,
				2450BFDA21097D4000A583A1 /* StoreKit.framework */,
				2450BFD821097D3800A583A1 /* MessageUI.framework */,
				2450BFD621097D2E00A583A1 /* EventKitUI.framework */,
				2450BFD421097D2900A583A1 /* EventKit.framework */,
				2450BFD221097D1D00A583A1 /* CoreTelephony.framework */,
				2450BFD021097D1200A583A1 /* CoreGraphics.framework */,
				2450BFCE21097D0600A583A1 /* AVFoundation.framework */,
				2450BFCC21097CFD00A583A1 /* AudioToolbox.framework */,
				2450BFCA21097CEE00A583A1 /* AdSupport.framework */,
				2450BFC62108D1C800A583A1 /* FirebaseCore.framework */,
				2450BFC42108CF7300A583A1 /* GoogleToolboxForMac.framework */,
				242AD5F32108613E007E7AC8 /* Social.framework */,
				242AD5F12108602D007E7AC8 /* SwiftShareBubbles.framework */,
				242AD5EF2108572E007E7AC8 /* LocalAuthentication.framework */,
				242AD5E921082950007E7AC8 /* DynamicBlurView.framework */,
				242AD5E52107346D007E7AC8 /* CoreLocation.framework */,
				2416EB4F210488F800CF1D7E /* Charts.framework */,
				2416EB432100CF1200CF1D7E /* Hero.framework */,
				24FB0B142100653200565FBE /* Lottie.framework */,
				24FB0B1020FF9A1A00565FBE /* Cosmos.framework */,
				24CEA43B20FDAD66006F3710 /* DZNEmptyDataSet.framework */,
				2424B5FA20FC6A1E008F0589 /* SwiftyJSON.framework */,
				2424B5FC20FC6A1E008F0589 /* SwiftyJSONRealmObject.framework */,
				2424B5E620FB9413008F0589 /* BubbleTransition.framework */,
				248E796420FB7E6E002CC949 /* LTMorphingLabel.framework */,
				248E791820F9FC24002CC949 /* JSONCodable.framework */,
				248E791020F85A98002CC949 /* Realm.framework */,
				248E791220F85A98002CC949 /* RealmSwift.framework */,
				24105F4820F307860069E4FE /* TextFieldEffects.framework */,
				24556C2520EE6BEA0053CE6C /* INTULocationManager.framework */,
				A32480CCA2BC95F6E80A35DD /* Pods_mapApp.framework */,
				26EBE5B453CD76BF7ECAECFD /* Pods_mapAppTests.framework */,
				4186FE42A726E412943C5725 /* Pods_mapAppUITests.framework */,
				1A6440A299F71B5458DC9A29 /* Pods_Excursionist.framework */,
				7D59D819A7D25CE708A0A321 /* Pods_ExcursionistTests.framework */,
				E96AC38B3259CD35C1020EA5 /* Pods_ExcursionistUITests.framework */,
			);
			name = Frameworks;
			sourceTree = "<group>";
		};
/* End PBXGroup section */

/* Begin PBXNativeTarget section */
		24CBE7D71F7D3DC700A7C028 /* Excursionist */ = {
			isa = PBXNativeTarget;
			buildConfigurationList = 24CBE8001F7D3DC800A7C028 /* Build configuration list for PBXNativeTarget "Excursionist" */;
			buildPhases = (
				2D4E55F4063158EE685ADFC0 /* [CP] Check Pods Manifest.lock */,
				24CBE7D41F7D3DC700A7C028 /* Sources */,
				24CBE7D51F7D3DC700A7C028 /* Frameworks */,
				24CBE7D61F7D3DC700A7C028 /* Resources */,
				B27E00B8EBCA743E61503499 /* [CP] Embed Pods Frameworks */,
			);
			buildRules = (
			);
			dependencies = (
			);
			name = Excursionist;
			productName = budgetApp;
			productReference = 24CBE7D81F7D3DC700A7C028 /* Excursionist.app */;
			productType = "com.apple.product-type.application";
		};
		24CBE7EB1F7D3DC800A7C028 /* ExcursionistTests */ = {
			isa = PBXNativeTarget;
			buildConfigurationList = 24CBE8031F7D3DC800A7C028 /* Build configuration list for PBXNativeTarget "ExcursionistTests" */;
			buildPhases = (
				C0BF90E50C09F14E15226CB0 /* [CP] Check Pods Manifest.lock */,
				24CBE7E81F7D3DC800A7C028 /* Sources */,
				24CBE7E91F7D3DC800A7C028 /* Frameworks */,
				24CBE7EA1F7D3DC800A7C028 /* Resources */,
			);
			buildRules = (
			);
			dependencies = (
				24CBE7EE1F7D3DC800A7C028 /* PBXTargetDependency */,
			);
			name = ExcursionistTests;
			productName = budgetAppTests;
			productReference = 24CBE7EC1F7D3DC800A7C028 /* ExcursionistTests.xctest */;
			productType = "com.apple.product-type.bundle.unit-test";
		};
		24CBE7F61F7D3DC800A7C028 /* ExcursionistUITests */ = {
			isa = PBXNativeTarget;
			buildConfigurationList = 24CBE8061F7D3DC800A7C028 /* Build configuration list for PBXNativeTarget "ExcursionistUITests" */;
			buildPhases = (
				BE78904ACF7F619FA7B42041 /* [CP] Check Pods Manifest.lock */,
				24CBE7F31F7D3DC800A7C028 /* Sources */,
				24CBE7F41F7D3DC800A7C028 /* Frameworks */,
				24CBE7F51F7D3DC800A7C028 /* Resources */,
			);
			buildRules = (
			);
			dependencies = (
				24CBE7F91F7D3DC800A7C028 /* PBXTargetDependency */,
			);
			name = ExcursionistUITests;
			productName = budgetAppUITests;
			productReference = 24CBE7F71F7D3DC800A7C028 /* ExcursionistUITests.xctest */;
			productType = "com.apple.product-type.bundle.ui-testing";
		};
/* End PBXNativeTarget section */

/* Begin PBXProject section */
		24CBE7D01F7D3DC700A7C028 /* Project object */ = {
			isa = PBXProject;
			attributes = {
				LastSwiftUpdateCheck = 0900;
				LastUpgradeCheck = 0930;
				ORGANIZATIONNAME = gakukinoshita;
				TargetAttributes = {
					24CBE7D71F7D3DC700A7C028 = {
						CreatedOnToolsVersion = 9.0;
						ProvisioningStyle = Automatic;
					};
					24CBE7EB1F7D3DC800A7C028 = {
						CreatedOnToolsVersion = 9.0;
						ProvisioningStyle = Automatic;
						TestTargetID = 24CBE7D71F7D3DC700A7C028;
					};
					24CBE7F61F7D3DC800A7C028 = {
						CreatedOnToolsVersion = 9.0;
						ProvisioningStyle = Automatic;
						TestTargetID = 24CBE7D71F7D3DC700A7C028;
					};
				};
			};
			buildConfigurationList = 24CBE7D31F7D3DC700A7C028 /* Build configuration list for PBXProject "Excursionist" */;
			compatibilityVersion = "Xcode 8.0";
			developmentRegion = en;
			hasScannedForEncodings = 0;
			knownRegions = (
				en,
				Base,
			);
			mainGroup = 24CBE7CF1F7D3DC700A7C028;
			productRefGroup = 24CBE7D91F7D3DC700A7C028 /* Products */;
			projectDirPath = "";
			projectRoot = "";
			targets = (
				24CBE7D71F7D3DC700A7C028 /* Excursionist */,
				24CBE7EB1F7D3DC800A7C028 /* ExcursionistTests */,
				24CBE7F61F7D3DC800A7C028 /* ExcursionistUITests */,
			);
		};
/* End PBXProject section */

/* Begin PBXResourcesBuildPhase section */
		24CBE7D61F7D3DC700A7C028 /* Resources */ = {
			isa = PBXResourcesBuildPhase;
			buildActionMask = 2147483647;
			files = (
				24FB0B19210065D600565FBE /* animation.json in Resources */,
				24CBE80E1F7D43DE00A7C028 /* list_country.json in Resources */,
				24CBE7E61F7D3DC700A7C028 /* LaunchScreen.storyboard in Resources */,
				240D79582015C6C400345ADD /* words.json in Resources */,
				2424B5F420FC4DF0008F0589 /* CustomOverlay.xib in Resources */,
				24CBE7E31F7D3DC700A7C028 /* Assets.xcassets in Resources */,
				24147A1C20EDF5F70088D337 /* counteryAll.json in Resources */,
				2450BFC92108D20700A583A1 /* GoogleService-Info.plist in Resources */,
				24CBE7E11F7D3DC700A7C028 /* Main.storyboard in Resources */,
				2424B5F620FC4DF0008F0589 /* CustomPage.xib in Resources */,
			);
			runOnlyForDeploymentPostprocessing = 0;
		};
		24CBE7EA1F7D3DC800A7C028 /* Resources */ = {
			isa = PBXResourcesBuildPhase;
			buildActionMask = 2147483647;
			files = (
			);
			runOnlyForDeploymentPostprocessing = 0;
		};
		24CBE7F51F7D3DC800A7C028 /* Resources */ = {
			isa = PBXResourcesBuildPhase;
			buildActionMask = 2147483647;
			files = (
			);
			runOnlyForDeploymentPostprocessing = 0;
		};
/* End PBXResourcesBuildPhase section */

/* Begin PBXShellScriptBuildPhase section */
		2D4E55F4063158EE685ADFC0 /* [CP] Check Pods Manifest.lock */ = {
			isa = PBXShellScriptBuildPhase;
			buildActionMask = 2147483647;
			files = (
			);
			inputPaths = (
				"${PODS_PODFILE_DIR_PATH}/Podfile.lock",
				"${PODS_ROOT}/Manifest.lock",
			);
			name = "[CP] Check Pods Manifest.lock";
			outputPaths = (
				"$(DERIVED_FILE_DIR)/Pods-Excursionist-checkManifestLockResult.txt",
			);
			runOnlyForDeploymentPostprocessing = 0;
			shellPath = /bin/sh;
			shellScript = "diff \"${PODS_PODFILE_DIR_PATH}/Podfile.lock\" \"${PODS_ROOT}/Manifest.lock\" > /dev/null\nif [ $? != 0 ] ; then\n    # print error to STDERR\n    echo \"error: The sandbox is not in sync with the Podfile.lock. Run 'pod install' or update your CocoaPods installation.\" >&2\n    exit 1\nfi\n# This output is used by Xcode 'outputs' to avoid re-running this script phase.\necho \"SUCCESS\" > \"${SCRIPT_OUTPUT_FILE_0}\"\n";
			showEnvVarsInLog = 0;
		};
		B27E00B8EBCA743E61503499 /* [CP] Embed Pods Frameworks */ = {
			isa = PBXShellScriptBuildPhase;
			buildActionMask = 2147483647;
			files = (
			);
			inputPaths = (
				"${SRCROOT}/Pods/Target Support Files/Pods-Excursionist/Pods-Excursionist-frameworks.sh",
				"${BUILT_PRODUCTS_DIR}/BubbleTransition/BubbleTransition.framework",
				"${BUILT_PRODUCTS_DIR}/Charts/Charts.framework",
				"${BUILT_PRODUCTS_DIR}/Cosmos/Cosmos.framework",
				"${BUILT_PRODUCTS_DIR}/DZNEmptyDataSet/DZNEmptyDataSet.framework",
				"${BUILT_PRODUCTS_DIR}/GoogleUtilities/GoogleUtilities.framework",
				"${BUILT_PRODUCTS_DIR}/Hero/Hero.framework",
				"${BUILT_PRODUCTS_DIR}/INTULocationManager/INTULocationManager.framework",
				"${BUILT_PRODUCTS_DIR}/LTMorphingLabel/LTMorphingLabel.framework",
				"${BUILT_PRODUCTS_DIR}/Realm/Realm.framework",
				"${BUILT_PRODUCTS_DIR}/RealmSwift/RealmSwift.framework",
				"${BUILT_PRODUCTS_DIR}/SwiftReorder/SwiftReorder.framework",
				"${BUILT_PRODUCTS_DIR}/SwiftShareBubbles/SwiftShareBubbles.framework",
				"${BUILT_PRODUCTS_DIR}/SwiftyOnboard/SwiftyOnboard.framework",
				"${BUILT_PRODUCTS_DIR}/TextFieldEffects/TextFieldEffects.framework",
				"${BUILT_PRODUCTS_DIR}/lottie-ios/Lottie.framework",
				"${BUILT_PRODUCTS_DIR}/nanopb/nanopb.framework",
			);
			name = "[CP] Embed Pods Frameworks";
			outputPaths = (
				"${TARGET_BUILD_DIR}/${FRAMEWORKS_FOLDER_PATH}/BubbleTransition.framework",
				"${TARGET_BUILD_DIR}/${FRAMEWORKS_FOLDER_PATH}/Charts.framework",
				"${TARGET_BUILD_DIR}/${FRAMEWORKS_FOLDER_PATH}/Cosmos.framework",
				"${TARGET_BUILD_DIR}/${FRAMEWORKS_FOLDER_PATH}/DZNEmptyDataSet.framework",
				"${TARGET_BUILD_DIR}/${FRAMEWORKS_FOLDER_PATH}/GoogleUtilities.framework",
				"${TARGET_BUILD_DIR}/${FRAMEWORKS_FOLDER_PATH}/Hero.framework",
				"${TARGET_BUILD_DIR}/${FRAMEWORKS_FOLDER_PATH}/INTULocationManager.framework",
				"${TARGET_BUILD_DIR}/${FRAMEWORKS_FOLDER_PATH}/LTMorphingLabel.framework",
				"${TARGET_BUILD_DIR}/${FRAMEWORKS_FOLDER_PATH}/Realm.framework",
				"${TARGET_BUILD_DIR}/${FRAMEWORKS_FOLDER_PATH}/RealmSwift.framework",
				"${TARGET_BUILD_DIR}/${FRAMEWORKS_FOLDER_PATH}/SwiftReorder.framework",
				"${TARGET_BUILD_DIR}/${FRAMEWORKS_FOLDER_PATH}/SwiftShareBubbles.framework",
				"${TARGET_BUILD_DIR}/${FRAMEWORKS_FOLDER_PATH}/SwiftyOnboard.framework",
				"${TARGET_BUILD_DIR}/${FRAMEWORKS_FOLDER_PATH}/TextFieldEffects.framework",
				"${TARGET_BUILD_DIR}/${FRAMEWORKS_FOLDER_PATH}/Lottie.framework",
				"${TARGET_BUILD_DIR}/${FRAMEWORKS_FOLDER_PATH}/nanopb.framework",
			);
			runOnlyForDeploymentPostprocessing = 0;
			shellPath = /bin/sh;
			shellScript = "\"${SRCROOT}/Pods/Target Support Files/Pods-Excursionist/Pods-Excursionist-frameworks.sh\"\n";
			showEnvVarsInLog = 0;
		};
		BE78904ACF7F619FA7B42041 /* [CP] Check Pods Manifest.lock */ = {
			isa = PBXShellScriptBuildPhase;
			buildActionMask = 2147483647;
			files = (
			);
			inputPaths = (
				"${PODS_PODFILE_DIR_PATH}/Podfile.lock",
				"${PODS_ROOT}/Manifest.lock",
			);
			name = "[CP] Check Pods Manifest.lock";
			outputPaths = (
				"$(DERIVED_FILE_DIR)/Pods-ExcursionistUITests-checkManifestLockResult.txt",
			);
			runOnlyForDeploymentPostprocessing = 0;
			shellPath = /bin/sh;
			shellScript = "diff \"${PODS_PODFILE_DIR_PATH}/Podfile.lock\" \"${PODS_ROOT}/Manifest.lock\" > /dev/null\nif [ $? != 0 ] ; then\n    # print error to STDERR\n    echo \"error: The sandbox is not in sync with the Podfile.lock. Run 'pod install' or update your CocoaPods installation.\" >&2\n    exit 1\nfi\n# This output is used by Xcode 'outputs' to avoid re-running this script phase.\necho \"SUCCESS\" > \"${SCRIPT_OUTPUT_FILE_0}\"\n";
			showEnvVarsInLog = 0;
		};
		C0BF90E50C09F14E15226CB0 /* [CP] Check Pods Manifest.lock */ = {
			isa = PBXShellScriptBuildPhase;
			buildActionMask = 2147483647;
			files = (
			);
			inputPaths = (
				"${PODS_PODFILE_DIR_PATH}/Podfile.lock",
				"${PODS_ROOT}/Manifest.lock",
			);
			name = "[CP] Check Pods Manifest.lock";
			outputPaths = (
				"$(DERIVED_FILE_DIR)/Pods-ExcursionistTests-checkManifestLockResult.txt",
			);
			runOnlyForDeploymentPostprocessing = 0;
			shellPath = /bin/sh;
			shellScript = "diff \"${PODS_PODFILE_DIR_PATH}/Podfile.lock\" \"${PODS_ROOT}/Manifest.lock\" > /dev/null\nif [ $? != 0 ] ; then\n    # print error to STDERR\n    echo \"error: The sandbox is not in sync with the Podfile.lock. Run 'pod install' or update your CocoaPods installation.\" >&2\n    exit 1\nfi\n# This output is used by Xcode 'outputs' to avoid re-running this script phase.\necho \"SUCCESS\" > \"${SCRIPT_OUTPUT_FILE_0}\"\n";
			showEnvVarsInLog = 0;
		};
/* End PBXShellScriptBuildPhase section */

/* Begin PBXSourcesBuildPhase section */
		24CBE7D41F7D3DC700A7C028 /* Sources */ = {
			isa = PBXSourcesBuildPhase;
			buildActionMask = 2147483647;
			files = (
				24087A422104B00C00287179 /* bubbleViewController.swift in Sources */,
				2424B5ED20FC4C0C008F0589 /* firstViewController.swift in Sources */,
				248E791720F8997D002CC949 /* TitleTableViewCell.swift in Sources */,
				24B0BB9420F0BDCC00459ACD /* ModelController.swift in Sources */,
				2424B5F720FC4DF0008F0589 /* CustomPage.swift in Sources */,
				2416EB4A2100D0E500CF1D7E /* City.swift in Sources */,
				24DEFF882106DE4100900724 /* reviewViewController.swift in Sources */,
				248E791520F89577002CC949 /* showViewController.swift in Sources */,
				24B0BB9220F0BD6000459ACD /* RootViewController.swift in Sources */,
				24FB0B1320FF9CB700565FBE /* rouletteViewController.swift in Sources */,
				24223B592107277F0021FC39 /* Review.swift in Sources */,
				2424B5F520FC4DF0008F0589 /* CustomOverlay.swift in Sources */,
				24CBE8201F7D5A6F00A7C028 /* ToDoViewController.swift in Sources */,
				24CBE7DE1F7D3DC700A7C028 /* ViewController.swift in Sources */,
				24DEFF862105BBAD00900724 /* daysViewController.swift in Sources */,
				248E790F20F85967002CC949 /* MapData.swift in Sources */,
				24FB0B172100653C00565FBE /* lottieViewController.swift in Sources */,
				24B0BB9020EF54A100459ACD /* selectViewController.swift in Sources */,
				2416EB422100CCB200CF1D7E /* recognizeViewController.swift in Sources */,
				2424B5EF20FC4C2C008F0589 /* StoryboardExample.swift in Sources */,
				24FB0B0620FF33A100565FBE /* animationTableViewCell.swift in Sources */,
				2416EB482100D0A200CF1D7E /* recognizeTwoViewController.swift in Sources */,
				24CBE80A1F7D3EA800A7C028 /* MapViewController.swift in Sources */,
				24CBE7DC1F7D3DC700A7C028 /* AppDelegate.swift in Sources */,
				2416EB462100CF5100CF1D7E /* CountryCell.swift in Sources */,
			);
			runOnlyForDeploymentPostprocessing = 0;
		};
		24CBE7E81F7D3DC800A7C028 /* Sources */ = {
			isa = PBXSourcesBuildPhase;
			buildActionMask = 2147483647;
			files = (
				24CBE7F11F7D3DC800A7C028 /* budgetAppTests.swift in Sources */,
			);
			runOnlyForDeploymentPostprocessing = 0;
		};
		24CBE7F31F7D3DC800A7C028 /* Sources */ = {
			isa = PBXSourcesBuildPhase;
			buildActionMask = 2147483647;
			files = (
				24CBE7FC1F7D3DC800A7C028 /* budgetAppUITests.swift in Sources */,
			);
			runOnlyForDeploymentPostprocessing = 0;
		};
/* End PBXSourcesBuildPhase section */

/* Begin PBXTargetDependency section */
		24CBE7EE1F7D3DC800A7C028 /* PBXTargetDependency */ = {
			isa = PBXTargetDependency;
			target = 24CBE7D71F7D3DC700A7C028 /* Excursionist */;
			targetProxy = 24CBE7ED1F7D3DC800A7C028 /* PBXContainerItemProxy */;
		};
		24CBE7F91F7D3DC800A7C028 /* PBXTargetDependency */ = {
			isa = PBXTargetDependency;
			target = 24CBE7D71F7D3DC700A7C028 /* Excursionist */;
			targetProxy = 24CBE7F81F7D3DC800A7C028 /* PBXContainerItemProxy */;
		};
/* End PBXTargetDependency section */

/* Begin PBXVariantGroup section */
		24CBE7DF1F7D3DC700A7C028 /* Main.storyboard */ = {
			isa = PBXVariantGroup;
			children = (
				24CBE7E01F7D3DC700A7C028 /* Base */,
			);
			name = Main.storyboard;
			sourceTree = "<group>";
		};
		24CBE7E41F7D3DC700A7C028 /* LaunchScreen.storyboard */ = {
			isa = PBXVariantGroup;
			children = (
				24CBE7E51F7D3DC700A7C028 /* Base */,
			);
			name = LaunchScreen.storyboard;
			sourceTree = "<group>";
		};
/* End PBXVariantGroup section */

/* Begin XCBuildConfiguration section */
		24CBE7FE1F7D3DC800A7C028 /* Debug */ = {
			isa = XCBuildConfiguration;
			buildSettings = {
				ALWAYS_SEARCH_USER_PATHS = NO;
				CLANG_ANALYZER_NONNULL = YES;
				CLANG_ANALYZER_NUMBER_OBJECT_CONVERSION = YES_AGGRESSIVE;
				CLANG_CXX_LANGUAGE_STANDARD = "gnu++14";
				CLANG_CXX_LIBRARY = "libc++";
				CLANG_ENABLE_MODULES = YES;
				CLANG_ENABLE_OBJC_ARC = YES;
				CLANG_WARN_BLOCK_CAPTURE_AUTORELEASING = YES;
				CLANG_WARN_BOOL_CONVERSION = YES;
				CLANG_WARN_COMMA = YES;
				CLANG_WARN_CONSTANT_CONVERSION = YES;
				CLANG_WARN_DEPRECATED_OBJC_IMPLEMENTATIONS = YES;
				CLANG_WARN_DIRECT_OBJC_ISA_USAGE = YES_ERROR;
				CLANG_WARN_DOCUMENTATION_COMMENTS = YES;
				CLANG_WARN_EMPTY_BODY = YES;
				CLANG_WARN_ENUM_CONVERSION = YES;
				CLANG_WARN_INFINITE_RECURSION = YES;
				CLANG_WARN_INT_CONVERSION = YES;
				CLANG_WARN_NON_LITERAL_NULL_CONVERSION = YES;
				CLANG_WARN_OBJC_IMPLICIT_RETAIN_SELF = YES;
				CLANG_WARN_OBJC_LITERAL_CONVERSION = YES;
				CLANG_WARN_OBJC_ROOT_CLASS = YES_ERROR;
				CLANG_WARN_RANGE_LOOP_ANALYSIS = YES;
				CLANG_WARN_STRICT_PROTOTYPES = YES;
				CLANG_WARN_SUSPICIOUS_MOVE = YES;
				CLANG_WARN_UNGUARDED_AVAILABILITY = YES_AGGRESSIVE;
				CLANG_WARN_UNREACHABLE_CODE = YES;
				CLANG_WARN__DUPLICATE_METHOD_MATCH = YES;
				CODE_SIGN_IDENTITY = "iPhone Developer";
				COPY_PHASE_STRIP = NO;
				DEBUG_INFORMATION_FORMAT = dwarf;
				ENABLE_STRICT_OBJC_MSGSEND = YES;
				ENABLE_TESTABILITY = YES;
				GCC_C_LANGUAGE_STANDARD = gnu11;
				GCC_DYNAMIC_NO_PIC = NO;
				GCC_NO_COMMON_BLOCKS = YES;
				GCC_OPTIMIZATION_LEVEL = 0;
				GCC_PREPROCESSOR_DEFINITIONS = (
					"DEBUG=1",
					"$(inherited)",
				);
				GCC_WARN_64_TO_32_BIT_CONVERSION = YES;
				GCC_WARN_ABOUT_RETURN_TYPE = YES_ERROR;
				GCC_WARN_UNDECLARED_SELECTOR = YES;
				GCC_WARN_UNINITIALIZED_AUTOS = YES_AGGRESSIVE;
				GCC_WARN_UNUSED_FUNCTION = YES;
				GCC_WARN_UNUSED_VARIABLE = YES;
				IPHONEOS_DEPLOYMENT_TARGET = 11.0;
				MTL_ENABLE_DEBUG_INFO = YES;
				ONLY_ACTIVE_ARCH = YES;
				SDKROOT = iphoneos;
				SWIFT_ACTIVE_COMPILATION_CONDITIONS = DEBUG;
				SWIFT_OPTIMIZATION_LEVEL = "-Onone";
				SWIFT_VERSION = 4.2;
			};
			name = Debug;
		};
		24CBE7FF1F7D3DC800A7C028 /* Release */ = {
			isa = XCBuildConfiguration;
			buildSettings = {
				ALWAYS_SEARCH_USER_PATHS = NO;
				CLANG_ANALYZER_NONNULL = YES;
				CLANG_ANALYZER_NUMBER_OBJECT_CONVERSION = YES_AGGRESSIVE;
				CLANG_CXX_LANGUAGE_STANDARD = "gnu++14";
				CLANG_CXX_LIBRARY = "libc++";
				CLANG_ENABLE_MODULES = YES;
				CLANG_ENABLE_OBJC_ARC = YES;
				CLANG_WARN_BLOCK_CAPTURE_AUTORELEASING = YES;
				CLANG_WARN_BOOL_CONVERSION = YES;
				CLANG_WARN_COMMA = YES;
				CLANG_WARN_CONSTANT_CONVERSION = YES;
				CLANG_WARN_DEPRECATED_OBJC_IMPLEMENTATIONS = YES;
				CLANG_WARN_DIRECT_OBJC_ISA_USAGE = YES_ERROR;
				CLANG_WARN_DOCUMENTATION_COMMENTS = YES;
				CLANG_WARN_EMPTY_BODY = YES;
				CLANG_WARN_ENUM_CONVERSION = YES;
				CLANG_WARN_INFINITE_RECURSION = YES;
				CLANG_WARN_INT_CONVERSION = YES;
				CLANG_WARN_NON_LITERAL_NULL_CONVERSION = YES;
				CLANG_WARN_OBJC_IMPLICIT_RETAIN_SELF = YES;
				CLANG_WARN_OBJC_LITERAL_CONVERSION = YES;
				CLANG_WARN_OBJC_ROOT_CLASS = YES_ERROR;
				CLANG_WARN_RANGE_LOOP_ANALYSIS = YES;
				CLANG_WARN_STRICT_PROTOTYPES = YES;
				CLANG_WARN_SUSPICIOUS_MOVE = YES;
				CLANG_WARN_UNGUARDED_AVAILABILITY = YES_AGGRESSIVE;
				CLANG_WARN_UNREACHABLE_CODE = YES;
				CLANG_WARN__DUPLICATE_METHOD_MATCH = YES;
				CODE_SIGN_IDENTITY = "iPhone Developer";
				COPY_PHASE_STRIP = NO;
				DEBUG_INFORMATION_FORMAT = "dwarf-with-dsym";
				ENABLE_NS_ASSERTIONS = NO;
				ENABLE_STRICT_OBJC_MSGSEND = YES;
				GCC_C_LANGUAGE_STANDARD = gnu11;
				GCC_NO_COMMON_BLOCKS = YES;
				GCC_WARN_64_TO_32_BIT_CONVERSION = YES;
				GCC_WARN_ABOUT_RETURN_TYPE = YES_ERROR;
				GCC_WARN_UNDECLARED_SELECTOR = YES;
				GCC_WARN_UNINITIALIZED_AUTOS = YES_AGGRESSIVE;
				GCC_WARN_UNUSED_FUNCTION = YES;
				GCC_WARN_UNUSED_VARIABLE = YES;
				IPHONEOS_DEPLOYMENT_TARGET = 11.0;
				MTL_ENABLE_DEBUG_INFO = NO;
				SDKROOT = iphoneos;
				SWIFT_OPTIMIZATION_LEVEL = "-Owholemodule";
				SWIFT_VERSION = 4.2;
				VALIDATE_PRODUCT = YES;
			};
			name = Release;
		};
		24CBE8011F7D3DC800A7C028 /* Debug */ = {
			isa = XCBuildConfiguration;
			baseConfigurationReference = DAB9D7CB40BF04B7374BB25B /* Pods-Excursionist.debug.xcconfig */;
			buildSettings = {
				ASSETCATALOG_COMPILER_APPICON_NAME = AppIcon;
				CODE_SIGN_STYLE = Automatic;
				DEVELOPMENT_TEAM = RV4369TE47;
				FRAMEWORK_SEARCH_PATHS = (
					"$(inherited)",
					"$(PROJECT_DIR)/budgetApp",
				);
				INFOPLIST_FILE = budgetApp/Info.plist;
				LD_RUNPATH_SEARCH_PATHS = "$(inherited) @executable_path/Frameworks";
				PRODUCT_BUNDLE_IDENTIFIER = com.gakukinoshita.Excursionist;
				PRODUCT_NAME = "$(TARGET_NAME)";
				SWIFT_VERSION = 4.2;
				TARGETED_DEVICE_FAMILY = "1,2";
			};
			name = Debug;
		};
		24CBE8021F7D3DC800A7C028 /* Release */ = {
			isa = XCBuildConfiguration;
			baseConfigurationReference = 4A1A2863FFA9884F8E2D8321 /* Pods-Excursionist.release.xcconfig */;
			buildSettings = {
				ASSETCATALOG_COMPILER_APPICON_NAME = AppIcon;
				CODE_SIGN_STYLE = Automatic;
				DEVELOPMENT_TEAM = RV4369TE47;
				FRAMEWORK_SEARCH_PATHS = (
					"$(inherited)",
					"$(PROJECT_DIR)/budgetApp",
				);
				INFOPLIST_FILE = budgetApp/Info.plist;
				LD_RUNPATH_SEARCH_PATHS = "$(inherited) @executable_path/Frameworks";
				PRODUCT_BUNDLE_IDENTIFIER = com.gakukinoshita.Excursionist;
				PRODUCT_NAME = "$(TARGET_NAME)";
				SWIFT_VERSION = 4.2;
				TARGETED_DEVICE_FAMILY = "1,2";
			};
			name = Release;
		};
		24CBE8041F7D3DC800A7C028 /* Debug */ = {
			isa = XCBuildConfiguration;
			baseConfigurationReference = 039915A04B0BB9903D94D070 /* Pods-ExcursionistTests.debug.xcconfig */;
			buildSettings = {
				ALWAYS_EMBED_SWIFT_STANDARD_LIBRARIES = YES;
				BUNDLE_LOADER = "$(TEST_HOST)";
				CODE_SIGN_STYLE = Automatic;
				DEVELOPMENT_TEAM = RV4369TE47;
				INFOPLIST_FILE = budgetAppTests/Info.plist;
				LD_RUNPATH_SEARCH_PATHS = "$(inherited) @executable_path/Frameworks @loader_path/Frameworks";
				PRODUCT_BUNDLE_IDENTIFIER = gakukinoshita.budgetAppTests;
				PRODUCT_NAME = "$(TARGET_NAME)";
				SWIFT_VERSION = 4.0;
				TARGETED_DEVICE_FAMILY = "1,2";
				TEST_HOST = "$(BUILT_PRODUCTS_DIR)/Excursionist.app/Excursionist";
			};
			name = Debug;
		};
		24CBE8051F7D3DC800A7C028 /* Release */ = {
			isa = XCBuildConfiguration;
			baseConfigurationReference = A79D65D8CF8E67595FD4C37F /* Pods-ExcursionistTests.release.xcconfig */;
			buildSettings = {
				ALWAYS_EMBED_SWIFT_STANDARD_LIBRARIES = YES;
				BUNDLE_LOADER = "$(TEST_HOST)";
				CODE_SIGN_STYLE = Automatic;
				DEVELOPMENT_TEAM = RV4369TE47;
				INFOPLIST_FILE = budgetAppTests/Info.plist;
				LD_RUNPATH_SEARCH_PATHS = "$(inherited) @executable_path/Frameworks @loader_path/Frameworks";
				PRODUCT_BUNDLE_IDENTIFIER = gakukinoshita.budgetAppTests;
				PRODUCT_NAME = "$(TARGET_NAME)";
				SWIFT_VERSION = 4.0;
				TARGETED_DEVICE_FAMILY = "1,2";
				TEST_HOST = "$(BUILT_PRODUCTS_DIR)/Excursionist.app/Excursionist";
			};
			name = Release;
		};
		24CBE8071F7D3DC800A7C028 /* Debug */ = {
			isa = XCBuildConfiguration;
			baseConfigurationReference = F768443286AE0C5A69462552 /* Pods-ExcursionistUITests.debug.xcconfig */;
			buildSettings = {
				ALWAYS_EMBED_SWIFT_STANDARD_LIBRARIES = YES;
				CODE_SIGN_STYLE = Automatic;
				DEVELOPMENT_TEAM = RV4369TE47;
				INFOPLIST_FILE = budgetAppUITests/Info.plist;
				LD_RUNPATH_SEARCH_PATHS = "$(inherited) @executable_path/Frameworks @loader_path/Frameworks";
				PRODUCT_BUNDLE_IDENTIFIER = gakukinoshita.budgetAppUITests;
				PRODUCT_NAME = "$(TARGET_NAME)";
				SWIFT_VERSION = 4.0;
				TARGETED_DEVICE_FAMILY = "1,2";
				TEST_TARGET_NAME = budgetApp;
			};
			name = Debug;
		};
		24CBE8081F7D3DC800A7C028 /* Release */ = {
			isa = XCBuildConfiguration;
			baseConfigurationReference = D859C1E40AA603024B1ED0B9 /* Pods-ExcursionistUITests.release.xcconfig */;
			buildSettings = {
				ALWAYS_EMBED_SWIFT_STANDARD_LIBRARIES = YES;
				CODE_SIGN_STYLE = Automatic;
				DEVELOPMENT_TEAM = RV4369TE47;
				INFOPLIST_FILE = budgetAppUITests/Info.plist;
				LD_RUNPATH_SEARCH_PATHS = "$(inherited) @executable_path/Frameworks @loader_path/Frameworks";
				PRODUCT_BUNDLE_IDENTIFIER = gakukinoshita.budgetAppUITests;
				PRODUCT_NAME = "$(TARGET_NAME)";
				SWIFT_VERSION = 4.0;
				TARGETED_DEVICE_FAMILY = "1,2";
				TEST_TARGET_NAME = budgetApp;
			};
			name = Release;
		};
/* End XCBuildConfiguration section */

/* Begin XCConfigurationList section */
		24CBE7D31F7D3DC700A7C028 /* Build configuration list for PBXProject "Excursionist" */ = {
			isa = XCConfigurationList;
			buildConfigurations = (
				24CBE7FE1F7D3DC800A7C028 /* Debug */,
				24CBE7FF1F7D3DC800A7C028 /* Release */,
			);
			defaultConfigurationIsVisible = 0;
			defaultConfigurationName = Release;
		};
		24CBE8001F7D3DC800A7C028 /* Build configuration list for PBXNativeTarget "Excursionist" */ = {
			isa = XCConfigurationList;
			buildConfigurations = (
				24CBE8011F7D3DC800A7C028 /* Debug */,
				24CBE8021F7D3DC800A7C028 /* Release */,
			);
			defaultConfigurationIsVisible = 0;
			defaultConfigurationName = Release;
		};
		24CBE8031F7D3DC800A7C028 /* Build configuration list for PBXNativeTarget "ExcursionistTests" */ = {
			isa = XCConfigurationList;
			buildConfigurations = (
				24CBE8041F7D3DC800A7C028 /* Debug */,
				24CBE8051F7D3DC800A7C028 /* Release */,
			);
			defaultConfigurationIsVisible = 0;
			defaultConfigurationName = Release;
		};
		24CBE8061F7D3DC800A7C028 /* Build configuration list for PBXNativeTarget "ExcursionistUITests" */ = {
			isa = XCConfigurationList;
			buildConfigurations = (
				24CBE8071F7D3DC800A7C028 /* Debug */,
				24CBE8081F7D3DC800A7C028 /* Release */,
			);
			defaultConfigurationIsVisible = 0;
			defaultConfigurationName = Release;
		};
/* End XCConfigurationList section */
	};
	rootObject = 24CBE7D01F7D3DC700A7C028 /* Project object */;
}
